// !$*UTF8*$!
{
	archiveVersion = 1;
	classes = {
	};
	objectVersion = 48;
	objects = {

/* Begin PBXBuildFile section */
		0414536F2013453500FB1FDC /* _ctsuite.h in Headers */ = {isa = PBXBuildFile; fileRef = 0414536E201344BA00FB1FDC /* _ctsuite.h */; };
		041453722013529800FB1FDC /* libcunit.a in Frameworks */ = {isa = PBXBuildFile; fileRef = 04CBDDA01FCDF3F500AFD45D /* libcunit.a */; };
		041C483F200D477100EBFE37 /* main.c in Sources */ = {isa = PBXBuildFile; fileRef = 04832449200A65CA006DC3FF /* main.c */; };
		044A29AA200BB3F7005CC2F4 /* ctexpect.h in Headers */ = {isa = PBXBuildFile; fileRef = 044A29A8200BB3F7005CC2F4 /* ctexpect.h */; settings = {ATTRIBUTES = (Public, ); }; };
		044A29AB200BB3F7005CC2F4 /* ctexpect.c in Sources */ = {isa = PBXBuildFile; fileRef = 044A29A9200BB3F7005CC2F4 /* ctexpect.c */; };
		044A29AC200BB3F7005CC2F4 /* ctexpect.c in Sources */ = {isa = PBXBuildFile; fileRef = 044A29A9200BB3F7005CC2F4 /* ctexpect.c */; };
		044A29AE200BB5D2005CC2F4 /* _ctexpect.h in Headers */ = {isa = PBXBuildFile; fileRef = 044A29AD200BB5D2005CC2F4 /* _ctexpect.h */; };
		04528A25201131A3004EED31 /* ctperf.h in Headers */ = {isa = PBXBuildFile; fileRef = 04528A23201131A3004EED31 /* ctperf.h */; };
		04528A26201131A3004EED31 /* ctperf.c in Sources */ = {isa = PBXBuildFile; fileRef = 04528A24201131A3004EED31 /* ctperf.c */; };
		04528A27201131A3004EED31 /* ctperf.c in Sources */ = {isa = PBXBuildFile; fileRef = 04528A24201131A3004EED31 /* ctperf.c */; };
		04528A2A20113240004EED31 /* ctperf_tests.c in Sources */ = {isa = PBXBuildFile; fileRef = 04528A2920113240004EED31 /* ctperf_tests.c */; };
		04528A32201132E7004EED31 /* main.c in Sources */ = {isa = PBXBuildFile; fileRef = 04528A31201132E7004EED31 /* main.c */; };
		0483244F200A6692006DC3FF /* ctcase.c in Sources */ = {isa = PBXBuildFile; fileRef = 04CBDDA81FCDF41900AFD45D /* ctcase.c */; };
		04832450200A6692006DC3FF /* ctsuite.c in Sources */ = {isa = PBXBuildFile; fileRef = 04CBDDA91FCDF41900AFD45D /* ctsuite.c */; };
		04832451200A6692006DC3FF /* ctassert.c in Sources */ = {isa = PBXBuildFile; fileRef = BD4A7ACD1FD00F000044404B /* ctassert.c */; };
		04B052FE200E92CF0020432D /* ctexpect_tests.c in Sources */ = {isa = PBXBuildFile; fileRef = 04B052F3200E92CE0020432D /* ctexpect_tests.c */; };
		04B052FF200E92CF0020432D /* ctsuite_tests.c in Sources */ = {isa = PBXBuildFile; fileRef = 04B052F4200E92CE0020432D /* ctsuite_tests.c */; };
		04B05300200E92CF0020432D /* ctest_tests.c in Sources */ = {isa = PBXBuildFile; fileRef = 04B052F5200E92CE0020432D /* ctest_tests.c */; };
		04B05301200E92CF0020432D /* ctassert_tests.c in Sources */ = {isa = PBXBuildFile; fileRef = 04B052F6200E92CE0020432D /* ctassert_tests.c */; };
		04B05302200E92CF0020432D /* ctcase_tests.c in Sources */ = {isa = PBXBuildFile; fileRef = 04B052FD200E92CF0020432D /* ctcase_tests.c */; };
		04CBDDAC1FCDF41900AFD45D /* ctcase.c in Sources */ = {isa = PBXBuildFile; fileRef = 04CBDDA81FCDF41900AFD45D /* ctcase.c */; };
		04CBDDAD1FCDF41900AFD45D /* ctsuite.c in Sources */ = {isa = PBXBuildFile; fileRef = 04CBDDA91FCDF41900AFD45D /* ctsuite.c */; };
		04CBDDAE1FCDF41900AFD45D /* ctsuite.h in Headers */ = {isa = PBXBuildFile; fileRef = 04CBDDAA1FCDF41900AFD45D /* ctsuite.h */; settings = {ATTRIBUTES = (Public, ); }; };
		04CBDDAF1FCDF41900AFD45D /* ctcase.h in Headers */ = {isa = PBXBuildFile; fileRef = 04CBDDAB1FCDF41900AFD45D /* ctcase.h */; settings = {ATTRIBUTES = (Public, ); }; };
		04CBDDB11FCDF45100AFD45D /* cunit.h in Headers */ = {isa = PBXBuildFile; fileRef = 04CBDDB01FCDF43600AFD45D /* cunit.h */; settings = {ATTRIBUTES = (Public, ); }; };
		04CBDDC81FCE01FC00AFD45D /* ctassert.h in Headers */ = {isa = PBXBuildFile; fileRef = 04CBDDC71FCE01FB00AFD45D /* ctassert.h */; settings = {ATTRIBUTES = (Public, ); }; };
		04DF699B200A6E9C00238AB2 /* ctest.h in Headers */ = {isa = PBXBuildFile; fileRef = 04DF6999200A6E9C00238AB2 /* ctest.h */; settings = {ATTRIBUTES = (Public, ); }; };
		04DF699C200A6E9C00238AB2 /* ctest.c in Sources */ = {isa = PBXBuildFile; fileRef = 04DF699A200A6E9C00238AB2 /* ctest.c */; };
		04DF699D200A6EE100238AB2 /* ctest.c in Sources */ = {isa = PBXBuildFile; fileRef = 04DF699A200A6E9C00238AB2 /* ctest.c */; };
		04DF69A1200A8B7D00238AB2 /* _ctcase.h in Headers */ = {isa = PBXBuildFile; fileRef = 04DF699E200A789600238AB2 /* _ctcase.h */; };
		04DF69A2200A8B7D00238AB2 /* _ctest.h in Headers */ = {isa = PBXBuildFile; fileRef = 04DF69A0200A7D6100238AB2 /* _ctest.h */; };
		BD4A7ACE1FD00F000044404B /* ctassert.c in Sources */ = {isa = PBXBuildFile; fileRef = BD4A7ACD1FD00F000044404B /* ctassert.c */; };
/* End PBXBuildFile section */

/* Begin PBXContainerItemProxy section */
		041453702013529000FB1FDC /* PBXContainerItemProxy */ = {
			isa = PBXContainerItemProxy;
			containerPortal = 04CBDD981FCDF3F500AFD45D /* Project object */;
			proxyType = 1;
			remoteGlobalIDString = 04CBDD9F1FCDF3F500AFD45D;
			remoteInfo = cunit;
		};
/* End PBXContainerItemProxy section */

/* Begin PBXCopyFilesBuildPhase section */
		04528A2D201132E7004EED31 /* CopyFiles */ = {
			isa = PBXCopyFilesBuildPhase;
			buildActionMask = 2147483647;
			dstPath = /usr/share/man/man1/;
			dstSubfolderSpec = 0;
			files = (
			);
			runOnlyForDeploymentPostprocessing = 1;
		};
		04832445200A65C9006DC3FF /* CopyFiles */ = {
			isa = PBXCopyFilesBuildPhase;
			buildActionMask = 2147483647;
			dstPath = /usr/share/man/man1/;
			dstSubfolderSpec = 0;
			files = (
			);
			runOnlyForDeploymentPostprocessing = 1;
		};
/* End PBXCopyFilesBuildPhase section */

/* Begin PBXFileReference section */
		0414536E201344BA00FB1FDC /* _ctsuite.h */ = {isa = PBXFileReference; lastKnownFileType = sourcecode.c.h; path = _ctsuite.h; sourceTree = "<group>"; };
		041453772013A11300FB1FDC /* README.md */ = {isa = PBXFileReference; fileEncoding = 4; lastKnownFileType = net.daringfireball.markdown; path = README.md; sourceTree = "<group>"; };
		044A29A8200BB3F7005CC2F4 /* ctexpect.h */ = {isa = PBXFileReference; lastKnownFileType = sourcecode.c.h; path = ctexpect.h; sourceTree = "<group>"; };
		044A29A9200BB3F7005CC2F4 /* ctexpect.c */ = {isa = PBXFileReference; lastKnownFileType = sourcecode.c.c; path = ctexpect.c; sourceTree = "<group>"; };
		044A29AD200BB5D2005CC2F4 /* _ctexpect.h */ = {isa = PBXFileReference; lastKnownFileType = sourcecode.c.h; path = _ctexpect.h; sourceTree = "<group>"; };
		04528A23201131A3004EED31 /* ctperf.h */ = {isa = PBXFileReference; lastKnownFileType = sourcecode.c.h; path = ctperf.h; sourceTree = "<group>"; };
		04528A24201131A3004EED31 /* ctperf.c */ = {isa = PBXFileReference; lastKnownFileType = sourcecode.c.c; path = ctperf.c; sourceTree = "<group>"; };
		04528A2820113240004EED31 /* ctperf_tests.h */ = {isa = PBXFileReference; lastKnownFileType = sourcecode.c.h; path = ctperf_tests.h; sourceTree = "<group>"; };
		04528A2920113240004EED31 /* ctperf_tests.c */ = {isa = PBXFileReference; lastKnownFileType = sourcecode.c.c; path = ctperf_tests.c; sourceTree = "<group>"; };
		04528A2F201132E7004EED31 /* CUnitExample */ = {isa = PBXFileReference; explicitFileType = "compiled.mach-o.executable"; includeInIndex = 0; path = CUnitExample; sourceTree = BUILT_PRODUCTS_DIR; };
		04528A31201132E7004EED31 /* main.c */ = {isa = PBXFileReference; lastKnownFileType = sourcecode.c.c; path = main.c; sourceTree = "<group>"; };
		04832447200A65C9006DC3FF /* CUnitTest */ = {isa = PBXFileReference; explicitFileType = "compiled.mach-o.executable"; includeInIndex = 0; path = CUnitTest; sourceTree = BUILT_PRODUCTS_DIR; };
		04832449200A65CA006DC3FF /* main.c */ = {isa = PBXFileReference; lastKnownFileType = sourcecode.c.c; path = main.c; sourceTree = "<group>"; };
		04B052F3200E92CE0020432D /* ctexpect_tests.c */ = {isa = PBXFileReference; fileEncoding = 4; lastKnownFileType = sourcecode.c.c; path = ctexpect_tests.c; sourceTree = "<group>"; };
		04B052F4200E92CE0020432D /* ctsuite_tests.c */ = {isa = PBXFileReference; fileEncoding = 4; lastKnownFileType = sourcecode.c.c; path = ctsuite_tests.c; sourceTree = "<group>"; };
		04B052F5200E92CE0020432D /* ctest_tests.c */ = {isa = PBXFileReference; fileEncoding = 4; lastKnownFileType = sourcecode.c.c; path = ctest_tests.c; sourceTree = "<group>"; };
		04B052F6200E92CE0020432D /* ctassert_tests.c */ = {isa = PBXFileReference; fileEncoding = 4; lastKnownFileType = sourcecode.c.c; path = ctassert_tests.c; sourceTree = "<group>"; };
		04B052F8200E92CF0020432D /* ctassert_tests.h */ = {isa = PBXFileReference; fileEncoding = 4; lastKnownFileType = sourcecode.c.h; path = ctassert_tests.h; sourceTree = "<group>"; };
		04B052F9200E92CF0020432D /* ctexpect_tests.h */ = {isa = PBXFileReference; fileEncoding = 4; lastKnownFileType = sourcecode.c.h; path = ctexpect_tests.h; sourceTree = "<group>"; };
		04B052FA200E92CF0020432D /* ctest_tests.h */ = {isa = PBXFileReference; fileEncoding = 4; lastKnownFileType = sourcecode.c.h; path = ctest_tests.h; sourceTree = "<group>"; };
		04B052FB200E92CF0020432D /* ctsuite_tests.h */ = {isa = PBXFileReference; fileEncoding = 4; lastKnownFileType = sourcecode.c.h; path = ctsuite_tests.h; sourceTree = "<group>"; };
		04B052FC200E92CF0020432D /* ctcase_tests.h */ = {isa = PBXFileReference; fileEncoding = 4; lastKnownFileType = sourcecode.c.h; path = ctcase_tests.h; sourceTree = "<group>"; };
		04B052FD200E92CF0020432D /* ctcase_tests.c */ = {isa = PBXFileReference; fileEncoding = 4; lastKnownFileType = sourcecode.c.c; path = ctcase_tests.c; sourceTree = "<group>"; };
		04CBDDA01FCDF3F500AFD45D /* libcunit.a */ = {isa = PBXFileReference; explicitFileType = archive.ar; includeInIndex = 0; path = libcunit.a; sourceTree = BUILT_PRODUCTS_DIR; };
		04CBDDA81FCDF41900AFD45D /* ctcase.c */ = {isa = PBXFileReference; fileEncoding = 4; lastKnownFileType = sourcecode.c.c; path = ctcase.c; sourceTree = "<group>"; };
		04CBDDA91FCDF41900AFD45D /* ctsuite.c */ = {isa = PBXFileReference; fileEncoding = 4; lastKnownFileType = sourcecode.c.c; path = ctsuite.c; sourceTree = "<group>"; };
		04CBDDAA1FCDF41900AFD45D /* ctsuite.h */ = {isa = PBXFileReference; fileEncoding = 4; lastKnownFileType = sourcecode.c.h; path = ctsuite.h; sourceTree = "<group>"; };
		04CBDDAB1FCDF41900AFD45D /* ctcase.h */ = {isa = PBXFileReference; fileEncoding = 4; lastKnownFileType = sourcecode.c.h; path = ctcase.h; sourceTree = "<group>"; };
		04CBDDB01FCDF43600AFD45D /* cunit.h */ = {isa = PBXFileReference; lastKnownFileType = sourcecode.c.h; path = cunit.h; sourceTree = "<group>"; };
		04CBDDC71FCE01FB00AFD45D /* ctassert.h */ = {isa = PBXFileReference; fileEncoding = 4; lastKnownFileType = sourcecode.c.h; path = ctassert.h; sourceTree = "<group>"; };
		04DF6999200A6E9C00238AB2 /* ctest.h */ = {isa = PBXFileReference; lastKnownFileType = sourcecode.c.h; path = ctest.h; sourceTree = "<group>"; };
		04DF699A200A6E9C00238AB2 /* ctest.c */ = {isa = PBXFileReference; lastKnownFileType = sourcecode.c.c; path = ctest.c; sourceTree = "<group>"; };
		04DF699E200A789600238AB2 /* _ctcase.h */ = {isa = PBXFileReference; lastKnownFileType = sourcecode.c.h; path = _ctcase.h; sourceTree = "<group>"; };
		04DF69A0200A7D6100238AB2 /* _ctest.h */ = {isa = PBXFileReference; lastKnownFileType = sourcecode.c.h; path = _ctest.h; sourceTree = "<group>"; };
		BD4A7ACD1FD00F000044404B /* ctassert.c */ = {isa = PBXFileReference; lastKnownFileType = sourcecode.c.c; path = ctassert.c; sourceTree = "<group>"; };
/* End PBXFileReference section */

/* Begin PBXFrameworksBuildPhase section */
		04528A2C201132E7004EED31 /* Frameworks */ = {
			isa = PBXFrameworksBuildPhase;
			buildActionMask = 2147483647;
			files = (
				041453722013529800FB1FDC /* libcunit.a in Frameworks */,
			);
			runOnlyForDeploymentPostprocessing = 0;
		};
		04832444200A65C9006DC3FF /* Frameworks */ = {
			isa = PBXFrameworksBuildPhase;
			buildActionMask = 2147483647;
			files = (
			);
			runOnlyForDeploymentPostprocessing = 0;
		};
		04CBDD9D1FCDF3F500AFD45D /* Frameworks */ = {
			isa = PBXFrameworksBuildPhase;
			buildActionMask = 2147483647;
			files = (
			);
			runOnlyForDeploymentPostprocessing = 0;
		};
/* End PBXFrameworksBuildPhase section */

/* Begin PBXGroup section */
		04528A30201132E7004EED31 /* CUnitExample */ = {
			isa = PBXGroup;
			children = (
				04528A31201132E7004EED31 /* main.c */,
			);
			path = CUnitExample;
			sourceTree = "<group>";
		};
		04832448200A65C9006DC3FF /* CUnitTest */ = {
			isa = PBXGroup;
			children = (
				04B052F7200E92CF0020432D /* include */,
				04B052F6200E92CE0020432D /* ctassert_tests.c */,
				04B052FD200E92CF0020432D /* ctcase_tests.c */,
				04B052F5200E92CE0020432D /* ctest_tests.c */,
				04B052F3200E92CE0020432D /* ctexpect_tests.c */,
				04B052F4200E92CE0020432D /* ctsuite_tests.c */,
				04528A2920113240004EED31 /* ctperf_tests.c */,
				04832449200A65CA006DC3FF /* main.c */,
			);
			path = CUnitTest;
			sourceTree = "<group>";
		};
		04B052F7200E92CF0020432D /* include */ = {
			isa = PBXGroup;
			children = (
				04528A2820113240004EED31 /* ctperf_tests.h */,
				04B052F8200E92CF0020432D /* ctassert_tests.h */,
				04B052F9200E92CF0020432D /* ctexpect_tests.h */,
				04B052FA200E92CF0020432D /* ctest_tests.h */,
				04B052FB200E92CF0020432D /* ctsuite_tests.h */,
				04B052FC200E92CF0020432D /* ctcase_tests.h */,
			);
			path = include;
			sourceTree = "<group>";
		};
		04CBDD971FCDF3F500AFD45D = {
			isa = PBXGroup;
			children = (
				041453772013A11300FB1FDC /* README.md */,
				04CBDDA71FCDF3FB00AFD45D /* src */,
				04832448200A65C9006DC3FF /* CUnitTest */,
				04528A30201132E7004EED31 /* CUnitExample */,
				04CBDDA11FCDF3F500AFD45D /* Products */,
				04CBDDBF1FCDF49600AFD45D /* Frameworks */,
			);
			sourceTree = "<group>";
		};
		04CBDDA11FCDF3F500AFD45D /* Products */ = {
			isa = PBXGroup;
			children = (
				04CBDDA01FCDF3F500AFD45D /* libcunit.a */,
				04832447200A65C9006DC3FF /* CUnitTest */,
				04528A2F201132E7004EED31 /* CUnitExample */,
			);
			name = Products;
			sourceTree = "<group>";
		};
		04CBDDA71FCDF3FB00AFD45D /* src */ = {
			isa = PBXGroup;
			children = (
				04CBDDC21FCDF99200AFD45D /* include */,
				04CBDDA81FCDF41900AFD45D /* ctcase.c */,
				04CBDDA91FCDF41900AFD45D /* ctsuite.c */,
				BD4A7ACD1FD00F000044404B /* ctassert.c */,
				04DF699A200A6E9C00238AB2 /* ctest.c */,
				044A29A9200BB3F7005CC2F4 /* ctexpect.c */,
				04528A24201131A3004EED31 /* ctperf.c */,
			);
			path = src;
			sourceTree = "<group>";
		};
		04CBDDBF1FCDF49600AFD45D /* Frameworks */ = {
			isa = PBXGroup;
			children = (
			);
			name = Frameworks;
			sourceTree = "<group>";
		};
		04CBDDC21FCDF99200AFD45D /* include */ = {
			isa = PBXGroup;
			children = (
				04DF699F200A789D00238AB2 /* internal */,
				04CBDDC71FCE01FB00AFD45D /* ctassert.h */,
				04DF6999200A6E9C00238AB2 /* ctest.h */,
				04CBDDAB1FCDF41900AFD45D /* ctcase.h */,
				04CBDDAA1FCDF41900AFD45D /* ctsuite.h */,
				04CBDDB01FCDF43600AFD45D /* cunit.h */,
				04528A23201131A3004EED31 /* ctperf.h */,
				044A29A8200BB3F7005CC2F4 /* ctexpect.h */,
			);
			path = include;
			sourceTree = "<group>";
		};
		04DF699F200A789D00238AB2 /* internal */ = {
			isa = PBXGroup;
			children = (
				04DF699E200A789600238AB2 /* _ctcase.h */,
				04DF69A0200A7D6100238AB2 /* _ctest.h */,
				044A29AD200BB5D2005CC2F4 /* _ctexpect.h */,
				0414536E201344BA00FB1FDC /* _ctsuite.h */,
			);
			path = internal;
			sourceTree = "<group>";
		};
/* End PBXGroup section */

/* Begin PBXHeadersBuildPhase section */
		04CBDD9E1FCDF3F500AFD45D /* Headers */ = {
			isa = PBXHeadersBuildPhase;
			buildActionMask = 2147483647;
			files = (
				044A29AA200BB3F7005CC2F4 /* ctexpect.h in Headers */,
				04528A25201131A3004EED31 /* ctperf.h in Headers */,
				044A29AE200BB5D2005CC2F4 /* _ctexpect.h in Headers */,
				04DF699B200A6E9C00238AB2 /* ctest.h in Headers */,
				04CBDDC81FCE01FC00AFD45D /* ctassert.h in Headers */,
				04CBDDB11FCDF45100AFD45D /* cunit.h in Headers */,
				0414536F2013453500FB1FDC /* _ctsuite.h in Headers */,
				04CBDDAE1FCDF41900AFD45D /* ctsuite.h in Headers */,
				04CBDDAF1FCDF41900AFD45D /* ctcase.h in Headers */,
				04DF69A1200A8B7D00238AB2 /* _ctcase.h in Headers */,
				04DF69A2200A8B7D00238AB2 /* _ctest.h in Headers */,
			);
			runOnlyForDeploymentPostprocessing = 0;
		};
/* End PBXHeadersBuildPhase section */

/* Begin PBXNativeTarget section */
		04528A2E201132E7004EED31 /* CUnitExample */ = {
			isa = PBXNativeTarget;
			buildConfigurationList = 04528A33201132E7004EED31 /* Build configuration list for PBXNativeTarget "CUnitExample" */;
			buildPhases = (
				04528A2B201132E7004EED31 /* Sources */,
				04528A2C201132E7004EED31 /* Frameworks */,
				04528A2D201132E7004EED31 /* CopyFiles */,
			);
			buildRules = (
			);
			dependencies = (
				041453712013529000FB1FDC /* PBXTargetDependency */,
			);
			name = CUnitExample;
			productName = CUnitExample;
			productReference = 04528A2F201132E7004EED31 /* CUnitExample */;
			productType = "com.apple.product-type.tool";
		};
		04832446200A65C9006DC3FF /* CUnitTest */ = {
			isa = PBXNativeTarget;
			buildConfigurationList = 0483244B200A65CA006DC3FF /* Build configuration list for PBXNativeTarget "CUnitTest" */;
			buildPhases = (
				04832443200A65C9006DC3FF /* Sources */,
				04832444200A65C9006DC3FF /* Frameworks */,
				04832445200A65C9006DC3FF /* CopyFiles */,
			);
			buildRules = (
			);
			dependencies = (
			);
			name = CUnitTest;
			productName = CUnitTest;
			productReference = 04832447200A65C9006DC3FF /* CUnitTest */;
			productType = "com.apple.product-type.tool";
		};
		04CBDD9F1FCDF3F500AFD45D /* cunit */ = {
			isa = PBXNativeTarget;
			buildConfigurationList = 04CBDDA41FCDF3F500AFD45D /* Build configuration list for PBXNativeTarget "cunit" */;
			buildPhases = (
				04CBDD9C1FCDF3F500AFD45D /* Sources */,
				04CBDD9D1FCDF3F500AFD45D /* Frameworks */,
				04CBDD9E1FCDF3F500AFD45D /* Headers */,
			);
			buildRules = (
			);
			dependencies = (
			);
			name = cunit;
			productName = cunit;
			productReference = 04CBDDA01FCDF3F500AFD45D /* libcunit.a */;
			productType = "com.apple.product-type.library.static";
		};
/* End PBXNativeTarget section */

/* Begin PBXProject section */
		04CBDD981FCDF3F500AFD45D /* Project object */ = {
			isa = PBXProject;
			attributes = {
				LastUpgradeCheck = 0900;
				ORGANIZATIONNAME = itzseven;
				TargetAttributes = {
					04528A2E201132E7004EED31 = {
						CreatedOnToolsVersion = 9.2;
						ProvisioningStyle = Automatic;
					};
					04832446200A65C9006DC3FF = {
						CreatedOnToolsVersion = 9.2;
						ProvisioningStyle = Automatic;
					};
					04CBDD9F1FCDF3F500AFD45D = {
						CreatedOnToolsVersion = 9.0;
						ProvisioningStyle = Automatic;
					};
				};
			};
			buildConfigurationList = 04CBDD9B1FCDF3F500AFD45D /* Build configuration list for PBXProject "cunit" */;
			compatibilityVersion = "Xcode 8.0";
			developmentRegion = en;
			hasScannedForEncodings = 0;
			knownRegions = (
				en,
			);
			mainGroup = 04CBDD971FCDF3F500AFD45D;
			productRefGroup = 04CBDDA11FCDF3F500AFD45D /* Products */;
			projectDirPath = "";
			projectRoot = "";
			targets = (
				04CBDD9F1FCDF3F500AFD45D /* cunit */,
				04832446200A65C9006DC3FF /* CUnitTest */,
				04528A2E201132E7004EED31 /* CUnitExample */,
			);
		};
/* End PBXProject section */

/* Begin PBXSourcesBuildPhase section */
		04528A2B201132E7004EED31 /* Sources */ = {
			isa = PBXSourcesBuildPhase;
			buildActionMask = 2147483647;
			files = (
				04528A32201132E7004EED31 /* main.c in Sources */,
			);
			runOnlyForDeploymentPostprocessing = 0;
		};
		04832443200A65C9006DC3FF /* Sources */ = {
			isa = PBXSourcesBuildPhase;
			buildActionMask = 2147483647;
			files = (
				04B05301200E92CF0020432D /* ctassert_tests.c in Sources */,
				041C483F200D477100EBFE37 /* main.c in Sources */,
				04DF699D200A6EE100238AB2 /* ctest.c in Sources */,
				0483244F200A6692006DC3FF /* ctcase.c in Sources */,
				04B05302200E92CF0020432D /* ctcase_tests.c in Sources */,
				04528A27201131A3004EED31 /* ctperf.c in Sources */,
				04B052FF200E92CF0020432D /* ctsuite_tests.c in Sources */,
				04832450200A6692006DC3FF /* ctsuite.c in Sources */,
				04528A2A20113240004EED31 /* ctperf_tests.c in Sources */,
				04B05300200E92CF0020432D /* ctest_tests.c in Sources */,
				04B052FE200E92CF0020432D /* ctexpect_tests.c in Sources */,
				044A29AC200BB3F7005CC2F4 /* ctexpect.c in Sources */,
				04832451200A6692006DC3FF /* ctassert.c in Sources */,
			);
			runOnlyForDeploymentPostprocessing = 0;
		};
		04CBDD9C1FCDF3F500AFD45D /* Sources */ = {
			isa = PBXSourcesBuildPhase;
			buildActionMask = 2147483647;
			files = (
				04CBDDAC1FCDF41900AFD45D /* ctcase.c in Sources */,
				04DF699C200A6E9C00238AB2 /* ctest.c in Sources */,
				BD4A7ACE1FD00F000044404B /* ctassert.c in Sources */,
				044A29AB200BB3F7005CC2F4 /* ctexpect.c in Sources */,
				04CBDDAD1FCDF41900AFD45D /* ctsuite.c in Sources */,
				04528A26201131A3004EED31 /* ctperf.c in Sources */,
			);
			runOnlyForDeploymentPostprocessing = 0;
		};
/* End PBXSourcesBuildPhase section */

/* Begin PBXTargetDependency section */
		041453712013529000FB1FDC /* PBXTargetDependency */ = {
			isa = PBXTargetDependency;
			target = 04CBDD9F1FCDF3F500AFD45D /* cunit */;
			targetProxy = 041453702013529000FB1FDC /* PBXContainerItemProxy */;
		};
/* End PBXTargetDependency section */

/* Begin XCBuildConfiguration section */
		04528A34201132E7004EED31 /* Debug */ = {
			isa = XCBuildConfiguration;
			buildSettings = {
				CODE_SIGN_STYLE = Automatic;
				DEVELOPMENT_TEAM = QQ64R4PS8Q;
				PRODUCT_NAME = "$(TARGET_NAME)";
			};
			name = Debug;
		};
		04528A35201132E7004EED31 /* Release */ = {
			isa = XCBuildConfiguration;
			buildSettings = {
				CODE_SIGN_STYLE = Automatic;
				DEVELOPMENT_TEAM = QQ64R4PS8Q;
				PRODUCT_NAME = "$(TARGET_NAME)";
			};
			name = Release;
		};
		0483244C200A65CA006DC3FF /* Debug */ = {
			isa = XCBuildConfiguration;
			buildSettings = {
				CODE_SIGN_STYLE = Automatic;
				DEVELOPMENT_TEAM = QQ64R4PS8Q;
				PRODUCT_NAME = "$(TARGET_NAME)";
			};
			name = Debug;
		};
		0483244D200A65CA006DC3FF /* Release */ = {
			isa = XCBuildConfiguration;
			buildSettings = {
				CODE_SIGN_STYLE = Automatic;
				DEVELOPMENT_TEAM = QQ64R4PS8Q;
				PRODUCT_NAME = "$(TARGET_NAME)";
			};
			name = Release;
		};
		04CBDDA21FCDF3F500AFD45D /* Debug */ = {
			isa = XCBuildConfiguration;
			buildSettings = {
				ALWAYS_SEARCH_USER_PATHS = NO;
				CLANG_ANALYZER_NONNULL = YES;
				CLANG_ANALYZER_NUMBER_OBJECT_CONVERSION = YES_AGGRESSIVE;
				CLANG_CXX_LANGUAGE_STANDARD = "gnu++14";
				CLANG_CXX_LIBRARY = "libc++";
				CLANG_ENABLE_MODULES = YES;
				CLANG_ENABLE_OBJC_ARC = YES;
				CLANG_WARN_BLOCK_CAPTURE_AUTORELEASING = YES;
				CLANG_WARN_BOOL_CONVERSION = YES;
				CLANG_WARN_COMMA = YES;
				CLANG_WARN_CONSTANT_CONVERSION = YES;
				CLANG_WARN_DIRECT_OBJC_ISA_USAGE = YES_ERROR;
				CLANG_WARN_DOCUMENTATION_COMMENTS = YES;
				CLANG_WARN_EMPTY_BODY = YES;
				CLANG_WARN_ENUM_CONVERSION = YES;
				CLANG_WARN_INFINITE_RECURSION = YES;
				CLANG_WARN_INT_CONVERSION = YES;
				CLANG_WARN_NON_LITERAL_NULL_CONVERSION = YES;
				CLANG_WARN_OBJC_LITERAL_CONVERSION = YES;
				CLANG_WARN_OBJC_ROOT_CLASS = YES_ERROR;
				CLANG_WARN_RANGE_LOOP_ANALYSIS = YES;
				CLANG_WARN_STRICT_PROTOTYPES = YES;
				CLANG_WARN_SUSPICIOUS_MOVE = YES;
				CLANG_WARN_UNGUARDED_AVAILABILITY = YES_AGGRESSIVE;
				CLANG_WARN_UNREACHABLE_CODE = YES;
				CLANG_WARN__DUPLICATE_METHOD_MATCH = YES;
				CODE_SIGN_IDENTITY = "Mac Developer";
				COPY_PHASE_STRIP = NO;
				DEBUG_INFORMATION_FORMAT = dwarf;
				ENABLE_STRICT_OBJC_MSGSEND = YES;
				ENABLE_TESTABILITY = YES;
				GCC_C_LANGUAGE_STANDARD = gnu11;
				GCC_DYNAMIC_NO_PIC = NO;
				GCC_NO_COMMON_BLOCKS = YES;
				GCC_OPTIMIZATION_LEVEL = 0;
				GCC_PREPROCESSOR_DEFINITIONS = (
					"DEBUG=1",
					"$(inherited)",
				);
				GCC_WARN_64_TO_32_BIT_CONVERSION = YES;
				GCC_WARN_ABOUT_RETURN_TYPE = YES_ERROR;
				GCC_WARN_UNDECLARED_SELECTOR = YES;
				GCC_WARN_UNINITIALIZED_AUTOS = YES_AGGRESSIVE;
				GCC_WARN_UNUSED_FUNCTION = YES;
				GCC_WARN_UNUSED_VARIABLE = YES;
				MACOSX_DEPLOYMENT_TARGET = 10.13;
				MTL_ENABLE_DEBUG_INFO = YES;
				ONLY_ACTIVE_ARCH = YES;
				SDKROOT = macosx;
			};
			name = Debug;
		};
		04CBDDA31FCDF3F500AFD45D /* Release */ = {
			isa = XCBuildConfiguration;
			buildSettings = {
				ALWAYS_SEARCH_USER_PATHS = NO;
				CLANG_ANALYZER_NONNULL = YES;
				CLANG_ANALYZER_NUMBER_OBJECT_CONVERSION = YES_AGGRESSIVE;
				CLANG_CXX_LANGUAGE_STANDARD = "gnu++14";
				CLANG_CXX_LIBRARY = "libc++";
				CLANG_ENABLE_MODULES = YES;
				CLANG_ENABLE_OBJC_ARC = YES;
				CLANG_WARN_BLOCK_CAPTURE_AUTORELEASING = YES;
				CLANG_WARN_BOOL_CONVERSION = YES;
				CLANG_WARN_COMMA = YES;
				CLANG_WARN_CONSTANT_CONVERSION = YES;
				CLANG_WARN_DIRECT_OBJC_ISA_USAGE = YES_ERROR;
				CLANG_WARN_DOCUMENTATION_COMMENTS = YES;
				CLANG_WARN_EMPTY_BODY = YES;
				CLANG_WARN_ENUM_CONVERSION = YES;
				CLANG_WARN_INFINITE_RECURSION = YES;
				CLANG_WARN_INT_CONVERSION = YES;
				CLANG_WARN_NON_LITERAL_NULL_CONVERSION = YES;
				CLANG_WARN_OBJC_LITERAL_CONVERSION = YES;
				CLANG_WARN_OBJC_ROOT_CLASS = YES_ERROR;
				CLANG_WARN_RANGE_LOOP_ANALYSIS = YES;
				CLANG_WARN_STRICT_PROTOTYPES = YES;
				CLANG_WARN_SUSPICIOUS_MOVE = YES;
				CLANG_WARN_UNGUARDED_AVAILABILITY = YES_AGGRESSIVE;
				CLANG_WARN_UNREACHABLE_CODE = YES;
				CLANG_WARN__DUPLICATE_METHOD_MATCH = YES;
				CODE_SIGN_IDENTITY = "Mac Developer";
				COPY_PHASE_STRIP = NO;
				DEBUG_INFORMATION_FORMAT = "dwarf-with-dsym";
				ENABLE_NS_ASSERTIONS = NO;
				ENABLE_STRICT_OBJC_MSGSEND = YES;
				GCC_C_LANGUAGE_STANDARD = gnu11;
				GCC_NO_COMMON_BLOCKS = YES;
				GCC_WARN_64_TO_32_BIT_CONVERSION = YES;
				GCC_WARN_ABOUT_RETURN_TYPE = YES_ERROR;
				GCC_WARN_UNDECLARED_SELECTOR = YES;
				GCC_WARN_UNINITIALIZED_AUTOS = YES_AGGRESSIVE;
				GCC_WARN_UNUSED_FUNCTION = YES;
				GCC_WARN_UNUSED_VARIABLE = YES;
				MACOSX_DEPLOYMENT_TARGET = 10.13;
				MTL_ENABLE_DEBUG_INFO = NO;
				SDKROOT = macosx;
			};
			name = Release;
		};
		04CBDDA51FCDF3F500AFD45D /* Debug */ = {
			isa = XCBuildConfiguration;
			buildSettings = {
				CODE_SIGN_STYLE = Automatic;
				DEPLOYMENT_LOCATION = NO;
				DEPLOYMENT_POSTPROCESSING = NO;
				DEVELOPMENT_TEAM = QQ64R4PS8Q;
				DSTROOT = "/tmp/$(PROJECT_NAME).dist";
        DYLIB_CURRENT_VERSION = 1.2;
				EXECUTABLE_PREFIX = lib;
				INSTALL_PATH = "";
				PRIVATE_HEADERS_FOLDER_PATH = "";
				PRODUCT_NAME = "$(TARGET_NAME)";
				PUBLIC_HEADERS_FOLDER_PATH = include;
			};
			name = Debug;
		};
		04CBDDA61FCDF3F500AFD45D /* Release */ = {
			isa = XCBuildConfiguration;
			buildSettings = {
				CODE_SIGN_STYLE = Automatic;
				DEPLOYMENT_LOCATION = NO;
				DEPLOYMENT_POSTPROCESSING = NO;
				DEVELOPMENT_TEAM = QQ64R4PS8Q;
				DSTROOT = "/tmp/$(PROJECT_NAME).dist";
        DYLIB_CURRENT_VERSION = 1.2;
				EXECUTABLE_PREFIX = lib;
				INSTALL_PATH = "";
				PRIVATE_HEADERS_FOLDER_PATH = "";
				PRODUCT_NAME = "$(TARGET_NAME)";
				PUBLIC_HEADERS_FOLDER_PATH = include;
			};
			name = Release;
		};
/* End XCBuildConfiguration section */

/* Begin XCConfigurationList section */
		04528A33201132E7004EED31 /* Build configuration list for PBXNativeTarget "CUnitExample" */ = {
			isa = XCConfigurationList;
			buildConfigurations = (
				04528A34201132E7004EED31 /* Debug */,
				04528A35201132E7004EED31 /* Release */,
			);
			defaultConfigurationIsVisible = 0;
			defaultConfigurationName = Release;
		};
		0483244B200A65CA006DC3FF /* Build configuration list for PBXNativeTarget "CUnitTest" */ = {
			isa = XCConfigurationList;
			buildConfigurations = (
				0483244C200A65CA006DC3FF /* Debug */,
				0483244D200A65CA006DC3FF /* Release */,
			);
			defaultConfigurationIsVisible = 0;
			defaultConfigurationName = Release;
		};
		04CBDD9B1FCDF3F500AFD45D /* Build configuration list for PBXProject "cunit" */ = {
			isa = XCConfigurationList;
			buildConfigurations = (
				04CBDDA21FCDF3F500AFD45D /* Debug */,
				04CBDDA31FCDF3F500AFD45D /* Release */,
			);
			defaultConfigurationIsVisible = 0;
			defaultConfigurationName = Release;
		};
		04CBDDA41FCDF3F500AFD45D /* Build configuration list for PBXNativeTarget "cunit" */ = {
			isa = XCConfigurationList;
			buildConfigurations = (
				04CBDDA51FCDF3F500AFD45D /* Debug */,
				04CBDDA61FCDF3F500AFD45D /* Release */,
			);
			defaultConfigurationIsVisible = 0;
			defaultConfigurationName = Release;
		};
/* End XCConfigurationList section */
	};
	rootObject = 04CBDD981FCDF3F500AFD45D /* Project object */;
}
