// !$*UTF8*$!
{
	archiveVersion = 1;
	classes = {
	};
	objectVersion = 48;
	objects = {

/* Begin PBXBuildFile section */
		04CBDDAC1FCDF41900AFD45D /* ctcase.c in Sources */ = {isa = PBXBuildFile; fileRef = 04CBDDA81FCDF41900AFD45D /* ctcase.c */; };
		04CBDDAD1FCDF41900AFD45D /* ctsuite.c in Sources */ = {isa = PBXBuildFile; fileRef = 04CBDDA91FCDF41900AFD45D /* ctsuite.c */; };
		04CBDDAE1FCDF41900AFD45D /* ctsuite.h in Headers */ = {isa = PBXBuildFile; fileRef = 04CBDDAA1FCDF41900AFD45D /* ctsuite.h */; settings = {ATTRIBUTES = (Public, ); }; };
		04CBDDAF1FCDF41900AFD45D /* ctcase.h in Headers */ = {isa = PBXBuildFile; fileRef = 04CBDDAB1FCDF41900AFD45D /* ctcase.h */; settings = {ATTRIBUTES = (Public, ); }; };
		04CBDDB11FCDF45100AFD45D /* cunit.h in Headers */ = {isa = PBXBuildFile; fileRef = 04CBDDB01FCDF43600AFD45D /* cunit.h */; settings = {ATTRIBUTES = (Public, ); }; };
		04CBDDB91FCDF48800AFD45D /* main.m in Sources */ = {isa = PBXBuildFile; fileRef = 04CBDDB81FCDF48800AFD45D /* main.m */; };
		04CBDDC61FCDFA4400AFD45D /* libcunit.a in Frameworks */ = {isa = PBXBuildFile; fileRef = 04CBDDA01FCDF3F500AFD45D /* libcunit.a */; };
/* End PBXBuildFile section */

/* Begin PBXContainerItemProxy section */
		04CBDDBD1FCDF48F00AFD45D /* PBXContainerItemProxy */ = {
			isa = PBXContainerItemProxy;
			containerPortal = 04CBDD981FCDF3F500AFD45D /* Project object */;
			proxyType = 1;
			remoteGlobalIDString = 04CBDD9F1FCDF3F500AFD45D;
			remoteInfo = cunit;
		};
/* End PBXContainerItemProxy section */

/* Begin PBXCopyFilesBuildPhase section */
		04CBDDB41FCDF48800AFD45D /* CopyFiles */ = {
			isa = PBXCopyFilesBuildPhase;
			buildActionMask = 2147483647;
			dstPath = /usr/share/man/man1/;
			dstSubfolderSpec = 0;
			files = (
			);
			runOnlyForDeploymentPostprocessing = 1;
		};
/* End PBXCopyFilesBuildPhase section */

/* Begin PBXFileReference section */
		04CBDDA01FCDF3F500AFD45D /* libcunit.a */ = {isa = PBXFileReference; explicitFileType = archive.ar; includeInIndex = 0; path = libcunit.a; sourceTree = BUILT_PRODUCTS_DIR; };
		04CBDDA81FCDF41900AFD45D /* ctcase.c */ = {isa = PBXFileReference; fileEncoding = 4; lastKnownFileType = sourcecode.c.c; path = ctcase.c; sourceTree = "<group>"; };
		04CBDDA91FCDF41900AFD45D /* ctsuite.c */ = {isa = PBXFileReference; fileEncoding = 4; lastKnownFileType = sourcecode.c.c; path = ctsuite.c; sourceTree = "<group>"; };
		04CBDDAA1FCDF41900AFD45D /* ctsuite.h */ = {isa = PBXFileReference; fileEncoding = 4; lastKnownFileType = sourcecode.c.h; path = ctsuite.h; sourceTree = "<group>"; };
		04CBDDAB1FCDF41900AFD45D /* ctcase.h */ = {isa = PBXFileReference; fileEncoding = 4; lastKnownFileType = sourcecode.c.h; path = ctcase.h; sourceTree = "<group>"; };
		04CBDDB01FCDF43600AFD45D /* cunit.h */ = {isa = PBXFileReference; lastKnownFileType = sourcecode.c.h; path = cunit.h; sourceTree = "<group>"; };
		04CBDDB61FCDF48800AFD45D /* CUnitTest */ = {isa = PBXFileReference; explicitFileType = "compiled.mach-o.executable"; includeInIndex = 0; path = CUnitTest; sourceTree = BUILT_PRODUCTS_DIR; };
		04CBDDB81FCDF48800AFD45D /* main.m */ = {isa = PBXFileReference; lastKnownFileType = sourcecode.c.objc; path = main.m; sourceTree = "<group>"; };
/* End PBXFileReference section */

/* Begin PBXFrameworksBuildPhase section */
		04CBDD9D1FCDF3F500AFD45D /* Frameworks */ = {
			isa = PBXFrameworksBuildPhase;
			buildActionMask = 2147483647;
			files = (
			);
			runOnlyForDeploymentPostprocessing = 0;
		};
		04CBDDB31FCDF48800AFD45D /* Frameworks */ = {
			isa = PBXFrameworksBuildPhase;
			buildActionMask = 2147483647;
			files = (
				04CBDDC61FCDFA4400AFD45D /* libcunit.a in Frameworks */,
			);
			runOnlyForDeploymentPostprocessing = 0;
		};
/* End PBXFrameworksBuildPhase section */

/* Begin PBXGroup section */
		04CBDD971FCDF3F500AFD45D = {
			isa = PBXGroup;
			children = (
				04CBDDA71FCDF3FB00AFD45D /* src */,
				04CBDDB71FCDF48800AFD45D /* CUnitTest */,
				04CBDDA11FCDF3F500AFD45D /* Products */,
				04CBDDBF1FCDF49600AFD45D /* Frameworks */,
			);
			sourceTree = "<group>";
		};
		04CBDDA11FCDF3F500AFD45D /* Products */ = {
			isa = PBXGroup;
			children = (
				04CBDDA01FCDF3F500AFD45D /* libcunit.a */,
				04CBDDB61FCDF48800AFD45D /* CUnitTest */,
			);
			name = Products;
			sourceTree = "<group>";
		};
		04CBDDA71FCDF3FB00AFD45D /* src */ = {
			isa = PBXGroup;
			children = (
				04CBDDC21FCDF99200AFD45D /* include */,
				04CBDDA81FCDF41900AFD45D /* ctcase.c */,
				04CBDDA91FCDF41900AFD45D /* ctsuite.c */,
			);
			path = src;
			sourceTree = "<group>";
		};
		04CBDDB71FCDF48800AFD45D /* CUnitTest */ = {
			isa = PBXGroup;
			children = (
				04CBDDB81FCDF48800AFD45D /* main.m */,
			);
			path = CUnitTest;
			sourceTree = "<group>";
		};
		04CBDDBF1FCDF49600AFD45D /* Frameworks */ = {
			isa = PBXGroup;
			children = (
			);
			name = Frameworks;
			sourceTree = "<group>";
		};
		04CBDDC21FCDF99200AFD45D /* include */ = {
			isa = PBXGroup;
			children = (
				04CBDDAB1FCDF41900AFD45D /* ctcase.h */,
				04CBDDAA1FCDF41900AFD45D /* ctsuite.h */,
				04CBDDB01FCDF43600AFD45D /* cunit.h */,
			);
			path = include;
			sourceTree = "<group>";
		};
/* End PBXGroup section */

/* Begin PBXHeadersBuildPhase section */
		04CBDD9E1FCDF3F500AFD45D /* Headers */ = {
			isa = PBXHeadersBuildPhase;
			buildActionMask = 2147483647;
			files = (
				04CBDDB11FCDF45100AFD45D /* cunit.h in Headers */,
				04CBDDAE1FCDF41900AFD45D /* ctsuite.h in Headers */,
				04CBDDAF1FCDF41900AFD45D /* ctcase.h in Headers */,
			);
			runOnlyForDeploymentPostprocessing = 0;
		};
/* End PBXHeadersBuildPhase section */

/* Begin PBXNativeTarget section */
		04CBDD9F1FCDF3F500AFD45D /* cunit */ = {
			isa = PBXNativeTarget;
			buildConfigurationList = 04CBDDA41FCDF3F500AFD45D /* Build configuration list for PBXNativeTarget "cunit" */;
			buildPhases = (
				04CBDD9C1FCDF3F500AFD45D /* Sources */,
				04CBDD9D1FCDF3F500AFD45D /* Frameworks */,
				04CBDD9E1FCDF3F500AFD45D /* Headers */,
			);
			buildRules = (
			);
			dependencies = (
			);
			name = cunit;
			productName = cunit;
			productReference = 04CBDDA01FCDF3F500AFD45D /* libcunit.a */;
			productType = "com.apple.product-type.library.static";
		};
		04CBDDB51FCDF48800AFD45D /* CUnitTest */ = {
			isa = PBXNativeTarget;
			buildConfigurationList = 04CBDDBA1FCDF48800AFD45D /* Build configuration list for PBXNativeTarget "CUnitTest" */;
			buildPhases = (
				04CBDDB21FCDF48800AFD45D /* Sources */,
				04CBDDB31FCDF48800AFD45D /* Frameworks */,
				04CBDDB41FCDF48800AFD45D /* CopyFiles */,
			);
			buildRules = (
			);
			dependencies = (
				04CBDDBE1FCDF48F00AFD45D /* PBXTargetDependency */,
			);
			name = CUnitTest;
			productName = CUnitTest;
			productReference = 04CBDDB61FCDF48800AFD45D /* CUnitTest */;
			productType = "com.apple.product-type.tool";
		};
/* End PBXNativeTarget section */

/* Begin PBXProject section */
		04CBDD981FCDF3F500AFD45D /* Project object */ = {
			isa = PBXProject;
			attributes = {
				LastUpgradeCheck = 0900;
				ORGANIZATIONNAME = itzseven;
				TargetAttributes = {
					04CBDD9F1FCDF3F500AFD45D = {
						CreatedOnToolsVersion = 9.0;
						ProvisioningStyle = Automatic;
					};
					04CBDDB51FCDF48800AFD45D = {
						CreatedOnToolsVersion = 9.0;
						ProvisioningStyle = Automatic;
					};
				};
			};
			buildConfigurationList = 04CBDD9B1FCDF3F500AFD45D /* Build configuration list for PBXProject "cunit" */;
			compatibilityVersion = "Xcode 8.0";
			developmentRegion = en;
			hasScannedForEncodings = 0;
			knownRegions = (
				en,
			);
			mainGroup = 04CBDD971FCDF3F500AFD45D;
			productRefGroup = 04CBDDA11FCDF3F500AFD45D /* Products */;
			projectDirPath = "";
			projectRoot = "";
			targets = (
				04CBDD9F1FCDF3F500AFD45D /* cunit */,
				04CBDDB51FCDF48800AFD45D /* CUnitTest */,
			);
		};
/* End PBXProject section */

/* Begin PBXSourcesBuildPhase section */
		04CBDD9C1FCDF3F500AFD45D /* Sources */ = {
			isa = PBXSourcesBuildPhase;
			buildActionMask = 2147483647;
			files = (
				04CBDDAC1FCDF41900AFD45D /* ctcase.c in Sources */,
				04CBDDAD1FCDF41900AFD45D /* ctsuite.c in Sources */,
			);
			runOnlyForDeploymentPostprocessing = 0;
		};
		04CBDDB21FCDF48800AFD45D /* Sources */ = {
			isa = PBXSourcesBuildPhase;
			buildActionMask = 2147483647;
			files = (
				04CBDDB91FCDF48800AFD45D /* main.m in Sources */,
			);
			runOnlyForDeploymentPostprocessing = 0;
		};
/* End PBXSourcesBuildPhase section */

/* Begin PBXTargetDependency section */
		04CBDDBE1FCDF48F00AFD45D /* PBXTargetDependency */ = {
			isa = PBXTargetDependency;
			target = 04CBDD9F1FCDF3F500AFD45D /* cunit */;
			targetProxy = 04CBDDBD1FCDF48F00AFD45D /* PBXContainerItemProxy */;
		};
/* End PBXTargetDependency section */

/* Begin XCBuildConfiguration section */
		04CBDDA21FCDF3F500AFD45D /* Debug */ = {
			isa = XCBuildConfiguration;
			buildSettings = {
				ALWAYS_SEARCH_USER_PATHS = NO;
				CLANG_ANALYZER_NONNULL = YES;
				CLANG_ANALYZER_NUMBER_OBJECT_CONVERSION = YES_AGGRESSIVE;
				CLANG_CXX_LANGUAGE_STANDARD = "gnu++14";
				CLANG_CXX_LIBRARY = "libc++";
				CLANG_ENABLE_MODULES = YES;
				CLANG_ENABLE_OBJC_ARC = YES;
				CLANG_WARN_BLOCK_CAPTURE_AUTORELEASING = YES;
				CLANG_WARN_BOOL_CONVERSION = YES;
				CLANG_WARN_COMMA = YES;
				CLANG_WARN_CONSTANT_CONVERSION = YES;
				CLANG_WARN_DIRECT_OBJC_ISA_USAGE = YES_ERROR;
				CLANG_WARN_DOCUMENTATION_COMMENTS = YES;
				CLANG_WARN_EMPTY_BODY = YES;
				CLANG_WARN_ENUM_CONVERSION = YES;
				CLANG_WARN_INFINITE_RECURSION = YES;
				CLANG_WARN_INT_CONVERSION = YES;
				CLANG_WARN_NON_LITERAL_NULL_CONVERSION = YES;
				CLANG_WARN_OBJC_LITERAL_CONVERSION = YES;
				CLANG_WARN_OBJC_ROOT_CLASS = YES_ERROR;
				CLANG_WARN_RANGE_LOOP_ANALYSIS = YES;
				CLANG_WARN_STRICT_PROTOTYPES = YES;
				CLANG_WARN_SUSPICIOUS_MOVE = YES;
				CLANG_WARN_UNGUARDED_AVAILABILITY = YES_AGGRESSIVE;
				CLANG_WARN_UNREACHABLE_CODE = YES;
				CLANG_WARN__DUPLICATE_METHOD_MATCH = YES;
				CODE_SIGN_IDENTITY = "Mac Developer";
				COPY_PHASE_STRIP = NO;
				DEBUG_INFORMATION_FORMAT = dwarf;
				ENABLE_STRICT_OBJC_MSGSEND = YES;
				ENABLE_TESTABILITY = YES;
				GCC_C_LANGUAGE_STANDARD = gnu11;
				GCC_DYNAMIC_NO_PIC = NO;
				GCC_NO_COMMON_BLOCKS = YES;
				GCC_OPTIMIZATION_LEVEL = 0;
				GCC_PREPROCESSOR_DEFINITIONS = (
					"DEBUG=1",
					"$(inherited)",
				);
				GCC_WARN_64_TO_32_BIT_CONVERSION = YES;
				GCC_WARN_ABOUT_RETURN_TYPE = YES_ERROR;
				GCC_WARN_UNDECLARED_SELECTOR = YES;
				GCC_WARN_UNINITIALIZED_AUTOS = YES_AGGRESSIVE;
				GCC_WARN_UNUSED_FUNCTION = YES;
				GCC_WARN_UNUSED_VARIABLE = YES;
				MACOSX_DEPLOYMENT_TARGET = 10.13;
				MTL_ENABLE_DEBUG_INFO = YES;
				ONLY_ACTIVE_ARCH = YES;
				SDKROOT = macosx;
			};
			name = Debug;
		};
		04CBDDA31FCDF3F500AFD45D /* Release */ = {
			isa = XCBuildConfiguration;
			buildSettings = {
				ALWAYS_SEARCH_USER_PATHS = NO;
				CLANG_ANALYZER_NONNULL = YES;
				CLANG_ANALYZER_NUMBER_OBJECT_CONVERSION = YES_AGGRESSIVE;
				CLANG_CXX_LANGUAGE_STANDARD = "gnu++14";
				CLANG_CXX_LIBRARY = "libc++";
				CLANG_ENABLE_MODULES = YES;
				CLANG_ENABLE_OBJC_ARC = YES;
				CLANG_WARN_BLOCK_CAPTURE_AUTORELEASING = YES;
				CLANG_WARN_BOOL_CONVERSION = YES;
				CLANG_WARN_COMMA = YES;
				CLANG_WARN_CONSTANT_CONVERSION = YES;
				CLANG_WARN_DIRECT_OBJC_ISA_USAGE = YES_ERROR;
				CLANG_WARN_DOCUMENTATION_COMMENTS = YES;
				CLANG_WARN_EMPTY_BODY = YES;
				CLANG_WARN_ENUM_CONVERSION = YES;
				CLANG_WARN_INFINITE_RECURSION = YES;
				CLANG_WARN_INT_CONVERSION = YES;
				CLANG_WARN_NON_LITERAL_NULL_CONVERSION = YES;
				CLANG_WARN_OBJC_LITERAL_CONVERSION = YES;
				CLANG_WARN_OBJC_ROOT_CLASS = YES_ERROR;
				CLANG_WARN_RANGE_LOOP_ANALYSIS = YES;
				CLANG_WARN_STRICT_PROTOTYPES = YES;
				CLANG_WARN_SUSPICIOUS_MOVE = YES;
				CLANG_WARN_UNGUARDED_AVAILABILITY = YES_AGGRESSIVE;
				CLANG_WARN_UNREACHABLE_CODE = YES;
				CLANG_WARN__DUPLICATE_METHOD_MATCH = YES;
				CODE_SIGN_IDENTITY = "Mac Developer";
				COPY_PHASE_STRIP = NO;
				DEBUG_INFORMATION_FORMAT = "dwarf-with-dsym";
				ENABLE_NS_ASSERTIONS = NO;
				ENABLE_STRICT_OBJC_MSGSEND = YES;
				GCC_C_LANGUAGE_STANDARD = gnu11;
				GCC_NO_COMMON_BLOCKS = YES;
				GCC_WARN_64_TO_32_BIT_CONVERSION = YES;
				GCC_WARN_ABOUT_RETURN_TYPE = YES_ERROR;
				GCC_WARN_UNDECLARED_SELECTOR = YES;
				GCC_WARN_UNINITIALIZED_AUTOS = YES_AGGRESSIVE;
				GCC_WARN_UNUSED_FUNCTION = YES;
				GCC_WARN_UNUSED_VARIABLE = YES;
				MACOSX_DEPLOYMENT_TARGET = 10.13;
				MTL_ENABLE_DEBUG_INFO = NO;
				SDKROOT = macosx;
			};
			name = Release;
		};
		04CBDDA51FCDF3F500AFD45D /* Debug */ = {
			isa = XCBuildConfiguration;
			buildSettings = {
				CODE_SIGN_STYLE = Automatic;
				DEPLOYMENT_LOCATION = NO;
				DEPLOYMENT_POSTPROCESSING = NO;
				DEVELOPMENT_TEAM = QQ64R4PS8Q;
				DSTROOT = "/tmp/$(PROJECT_NAME).dist";
				EXECUTABLE_PREFIX = lib;
				INSTALL_PATH = "";
				PRIVATE_HEADERS_FOLDER_PATH = "";
				PRODUCT_NAME = "$(TARGET_NAME)";
				PUBLIC_HEADERS_FOLDER_PATH = "";
			};
			name = Debug;
		};
		04CBDDA61FCDF3F500AFD45D /* Release */ = {
			isa = XCBuildConfiguration;
			buildSettings = {
				CODE_SIGN_STYLE = Automatic;
				DEPLOYMENT_LOCATION = NO;
				DEPLOYMENT_POSTPROCESSING = NO;
				DEVELOPMENT_TEAM = QQ64R4PS8Q;
				DSTROOT = "/tmp/$(PROJECT_NAME).dist";
				EXECUTABLE_PREFIX = lib;
				INSTALL_PATH = "";
				PRIVATE_HEADERS_FOLDER_PATH = "";
				PRODUCT_NAME = "$(TARGET_NAME)";
				PUBLIC_HEADERS_FOLDER_PATH = "";
			};
			name = Release;
		};
		04CBDDBB1FCDF48800AFD45D /* Debug */ = {
			isa = XCBuildConfiguration;
			buildSettings = {
				CODE_SIGN_STYLE = Automatic;
				DEVELOPMENT_TEAM = QQ64R4PS8Q;
				HEADER_SEARCH_PATHS = "";
				INSTALL_PATH = "";
				PRODUCT_NAME = "$(TARGET_NAME)";
				PUBLIC_HEADERS_FOLDER_PATH = "";
				USER_HEADER_SEARCH_PATHS = "$(PROJECT_DIR)/**";
			};
			name = Debug;
		};
		04CBDDBC1FCDF48800AFD45D /* Release */ = {
			isa = XCBuildConfiguration;
			buildSettings = {
				CODE_SIGN_STYLE = Automatic;
				DEVELOPMENT_TEAM = QQ64R4PS8Q;
				HEADER_SEARCH_PATHS = "";
				INSTALL_PATH = "";
				PRODUCT_NAME = "$(TARGET_NAME)";
				PUBLIC_HEADERS_FOLDER_PATH = "";
				USER_HEADER_SEARCH_PATHS = "$(PROJECT_DIR)/**";
			};
			name = Release;
		};
/* End XCBuildConfiguration section */

/* Begin XCConfigurationList section */
		04CBDD9B1FCDF3F500AFD45D /* Build configuration list for PBXProject "cunit" */ = {
			isa = XCConfigurationList;
			buildConfigurations = (
				04CBDDA21FCDF3F500AFD45D /* Debug */,
				04CBDDA31FCDF3F500AFD45D /* Release */,
			);
			defaultConfigurationIsVisible = 0;
			defaultConfigurationName = Release;
		};
		04CBDDA41FCDF3F500AFD45D /* Build configuration list for PBXNativeTarget "cunit" */ = {
			isa = XCConfigurationList;
			buildConfigurations = (
				04CBDDA51FCDF3F500AFD45D /* Debug */,
				04CBDDA61FCDF3F500AFD45D /* Release */,
			);
			defaultConfigurationIsVisible = 0;
			defaultConfigurationName = Release;
		};
		04CBDDBA1FCDF48800AFD45D /* Build configuration list for PBXNativeTarget "CUnitTest" */ = {
			isa = XCConfigurationList;
			buildConfigurations = (
				04CBDDBB1FCDF48800AFD45D /* Debug */,
				04CBDDBC1FCDF48800AFD45D /* Release */,
			);
			defaultConfigurationIsVisible = 0;
			defaultConfigurationName = Release;
		};
/* End XCConfigurationList section */
	};
	rootObject = 04CBDD981FCDF3F500AFD45D /* Project object */;
}
